
Microsoft Visual Studio Solution File, Format Version 11.00
# Visual Studio 2010
Project("{FAE04EC0-301F-11D3-BF4B-00C04F79EFBC}") = "Assembly-CSharp", "Assembly-CSharp.csproj", "{a2f2c733-ea4a-fb64-8daf-0f32154145e8}"
EndProject
Project("{FAE04EC0-301F-11D3-BF4B-00C04F79EFBC}") = "UniTask", "UniTask.csproj", "{30bf6c47-c6a1-8d5e-1ca3-cf359cc96538}"
EndProject
Project("{FAE04EC0-301F-11D3-BF4B-00C04F79EFBC}") = "LeanTransition", "LeanTransition.csproj", "{99a4a003-5d4a-38bf-396d-7221417375f7}"
EndProject
Project("{FAE04EC0-301F-11D3-BF4B-00C04F79EFBC}") = "LeanGUI", "LeanGUI.csproj", "{eb56631a-13da-054d-e0a2-b4102efeee87}"
EndProject
Project("{FAE04EC0-301F-11D3-BF4B-00C04F79EFBC}") = "UniTask.Linq", "UniTask.Linq.csproj", "{30a6738f-b812-c286-a4f6-c50a8728d121}"
EndProject
Project("{FAE04EC0-301F-11D3-BF4B-00C04F79EFBC}") = "UnityGifDecoder", "UnityGifDecoder.csproj", "{c273afdb-0d88-976b-e114-ee0f6465e2a5}"
EndProject
Project("{FAE04EC0-301F-11D3-BF4B-00C04F79EFBC}") = "LeanCommon", "LeanCommon.csproj", "{b9b1335f-0198-e372-d3b6-0be732f8089a}"
EndProject
Project("{FAE04EC0-301F-11D3-BF4B-00C04F79EFBC}") = "UniTask.DOTween", "UniTask.DOTween.csproj", "{1b1bc54d-5a0f-2ecf-4b59-76ab2fc4943f}"
EndProject
Project("{FAE04EC0-301F-11D3-BF4B-00C04F79EFBC}") = "UniTask.TextMeshPro", "UniTask.TextMeshPro.csproj", "{50ba9fdd-4cf3-3981-b3b5-343f4d69f34a}"
EndProject
Project("{FAE04EC0-301F-11D3-BF4B-00C04F79EFBC}") = "endel.nativewebsocket", "endel.nativewebsocket.csproj", "{00cf5fe1-0c00-f6b7-0240-791af76d32e0}"
EndProject
Project("{FAE04EC0-301F-11D3-BF4B-00C04F79EFBC}") = "UniTask.Addressables", "UniTask.Addressables.csproj", "{6862ccf5-bf57-81fb-a497-522c5bacbdf9}"
EndProject
Project("{FAE04EC0-301F-11D3-BF4B-00C04F79EFBC}") = "UniTask.Editor", "UniTask.Editor.csproj", "{f44050c3-17d8-568e-78d7-48fd0717b305}"
EndProject
Project("{FAE04EC0-301F-11D3-BF4B-00C04F79EFBC}") = "LeanTransition.Editor", "LeanTransition.Editor.csproj", "{dd4e292e-b927-609a-ecfb-0ce5e06f28ce}"
EndProject
Project("{FAE04EC0-301F-11D3-BF4B-00C04F79EFBC}") = "Assembly-CSharp-Editor", "Assembly-CSharp-Editor.csproj", "{d197130f-7de9-81d9-7cd5-19d28fa8f235}"
EndProject
Global
	GlobalSection(SolutionConfigurationPlatforms) = preSolution
		Debug|Any CPU = Debug|Any CPU
	EndGlobalSection
	GlobalSection(ProjectConfigurationPlatforms) = postSolution
		{a2f2c733-ea4a-fb64-8daf-0f32154145e8}.Debug|Any CPU.ActiveCfg = Debug|Any CPU
		{a2f2c733-ea4a-fb64-8daf-0f32154145e8}.Debug|Any CPU.Build.0 = Debug|Any CPU
		{30bf6c47-c6a1-8d5e-1ca3-cf359cc96538}.Debug|Any CPU.ActiveCfg = Debug|Any CPU
		{30bf6c47-c6a1-8d5e-1ca3-cf359cc96538}.Debug|Any CPU.Build.0 = Debug|Any CPU
		{99a4a003-5d4a-38bf-396d-7221417375f7}.Debug|Any CPU.ActiveCfg = Debug|Any CPU
		{99a4a003-5d4a-38bf-396d-7221417375f7}.Debug|Any CPU.Build.0 = Debug|Any CPU
		{eb56631a-13da-054d-e0a2-b4102efeee87}.Debug|Any CPU.ActiveCfg = Debug|Any CPU
		{eb56631a-13da-054d-e0a2-b4102efeee87}.Debug|Any CPU.Build.0 = Debug|Any CPU
		{30a6738f-b812-c286-a4f6-c50a8728d121}.Debug|Any CPU.ActiveCfg = Debug|Any CPU
		{30a6738f-b812-c286-a4f6-c50a8728d121}.Debug|Any CPU.Build.0 = Debug|Any CPU
		{c273afdb-0d88-976b-e114-ee0f6465e2a5}.Debug|Any CPU.ActiveCfg = Debug|Any CPU
		{c273afdb-0d88-976b-e114-ee0f6465e2a5}.Debug|Any CPU.Build.0 = Debug|Any CPU
		{b9b1335f-0198-e372-d3b6-0be732f8089a}.Debug|Any CPU.ActiveCfg = Debug|Any CPU
		{b9b1335f-0198-e372-d3b6-0be732f8089a}.Debug|Any CPU.Build.0 = Debug|Any CPU
		{1b1bc54d-5a0f-2ecf-4b59-76ab2fc4943f}.Debug|Any CPU.ActiveCfg = Debug|Any CPU
		{1b1bc54d-5a0f-2ecf-4b59-76ab2fc4943f}.Debug|Any CPU.Build.0 = Debug|Any CPU
		{50ba9fdd-4cf3-3981-b3b5-343f4d69f34a}.Debug|Any CPU.ActiveCfg = Debug|Any CPU
		{50ba9fdd-4cf3-3981-b3b5-343f4d69f34a}.Debug|Any CPU.Build.0 = Debug|Any CPU
		{00cf5fe1-0c00-f6b7-0240-791af76d32e0}.Debug|Any CPU.ActiveCfg = Debug|Any CPU
		{00cf5fe1-0c00-f6b7-0240-791af76d32e0}.Debug|Any CPU.Build.0 = Debug|Any CPU
		{6862ccf5-bf57-81fb-a497-522c5bacbdf9}.Debug|Any CPU.ActiveCfg = Debug|Any CPU
		{6862ccf5-bf57-81fb-a497-522c5bacbdf9}.Debug|Any CPU.Build.0 = Debug|Any CPU
		{f44050c3-17d8-568e-78d7-48fd0717b305}.Debug|Any CPU.ActiveCfg = Debug|Any CPU
		{f44050c3-17d8-568e-78d7-48fd0717b305}.Debug|Any CPU.Build.0 = Debug|Any CPU
		{dd4e292e-b927-609a-ecfb-0ce5e06f28ce}.Debug|Any CPU.ActiveCfg = Debug|Any CPU
		{dd4e292e-b927-609a-ecfb-0ce5e06f28ce}.Debug|Any CPU.Build.0 = Debug|Any CPU
		{d197130f-7de9-81d9-7cd5-19d28fa8f235}.Debug|Any CPU.ActiveCfg = Debug|Any CPU
		{d197130f-7de9-81d9-7cd5-19d28fa8f235}.Debug|Any CPU.Build.0 = Debug|Any CPU
	EndGlobalSection
	GlobalSection(SolutionProperties) = preSolution
		HideSolutionNode = FALSE
	EndGlobalSection
EndGlobal
